
Microsoft Visual Studio Solution File, Format Version 12.00
# Visual Studio Version 16
VisualStudioVersion = 16.0.30204.135
MinimumVisualStudioVersion = 10.0.40219.1
Project("{FAE04EC0-301F-11D3-BF4B-00C04F79EFBC}") = "parusapp.Android", "parusapp\parusapp.Android\parusapp.Android.csproj", "{9AE20AF5-020F-44CE-9828-9DA0E62E08C2}"
EndProject
Project("{FAE04EC0-301F-11D3-BF4B-00C04F79EFBC}") = "parusapp.iOS", "parusapp\parusapp.iOS\parusapp.iOS.csproj", "{89CD5727-C572-41F1-A1C2-EB5ECB811C04}"
EndProject
Project("{9A19103F-16F7-4668-BE54-9A1E7A4F7556}") = "parusapp", "parusapp\parusapp\parusapp.csproj", "{56E4575C-412B-447F-8EC0-2D6ADF4F66EF}"
EndProject
Project("{2150E333-8FDC-42A3-9474-1A3956D46DE8}") = "Solution Items", "Solution Items", "{F7ED971C-15DD-46F6-AD95-9097A32D5737}"
	ProjectSection(SolutionItems) = preProject
		.editorconfig = .editorconfig
	EndProjectSection
EndProject
Global
	GlobalSection(SolutionConfigurationPlatforms) = preSolution
		Debug|Any CPU = Debug|Any CPU
		Debug|iPhone = Debug|iPhone
		Debug|iPhoneSimulator = Debug|iPhoneSimulator
		Debug|x64 = Debug|x64
		Debug|x86 = Debug|x86
		Release|Any CPU = Release|Any CPU
		Release|iPhone = Release|iPhone
		Release|iPhoneSimulator = Release|iPhoneSimulator
		Release|x64 = Release|x64
		Release|x86 = Release|x86
	EndGlobalSection
	GlobalSection(ProjectConfigurationPlatforms) = postSolution
		{9AE20AF5-020F-44CE-9828-9DA0E62E08C2}.Debug|Any CPU.ActiveCfg = Release|x64
		{9AE20AF5-020F-44CE-9828-9DA0E62E08C2}.Debug|Any CPU.Build.0 = Release|x64
		{9AE20AF5-020F-44CE-9828-9DA0E62E08C2}.Debug|Any CPU.Deploy.0 = Release|x64
		{9AE20AF5-020F-44CE-9828-9DA0E62E08C2}.Debug|iPhone.ActiveCfg = Debug|Any CPU
		{9AE20AF5-020F-44CE-9828-9DA0E62E08C2}.Debug|iPhone.Build.0 = Debug|Any CPU
		{9AE20AF5-020F-44CE-9828-9DA0E62E08C2}.Debug|iPhone.Deploy.0 = Debug|Any CPU
		{9AE20AF5-020F-44CE-9828-9DA0E62E08C2}.Debug|iPhoneSimulator.ActiveCfg = Debug|Any CPU
		{9AE20AF5-020F-44CE-9828-9DA0E62E08C2}.Debug|iPhoneSimulator.Build.0 = Debug|Any CPU
		{9AE20AF5-020F-44CE-9828-9DA0E62E08C2}.Debug|iPhoneSimulator.Deploy.0 = Debug|Any CPU
		{9AE20AF5-020F-44CE-9828-9DA0E62E08C2}.Debug|x64.ActiveCfg = Debug|x64
		{9AE20AF5-020F-44CE-9828-9DA0E62E08C2}.Debug|x64.Build.0 = Debug|x64
		{9AE20AF5-020F-44CE-9828-9DA0E62E08C2}.Debug|x64.Deploy.0 = Debug|x64
		{9AE20AF5-020F-44CE-9828-9DA0E62E08C2}.Debug|x86.ActiveCfg = Debug|Any CPU
		{9AE20AF5-020F-44CE-9828-9DA0E62E08C2}.Debug|x86.Build.0 = Debug|Any CPU
		{9AE20AF5-020F-44CE-9828-9DA0E62E08C2}.Debug|x86.Deploy.0 = Debug|Any CPU
		{9AE20AF5-020F-44CE-9828-9DA0E62E08C2}.Release|Any CPU.ActiveCfg = Release|Any CPU
		{9AE20AF5-020F-44CE-9828-9DA0E62E08C2}.Release|Any CPU.Build.0 = Release|Any CPU
		{9AE20AF5-020F-44CE-9828-9DA0E62E08C2}.Release|Any CPU.Deploy.0 = Release|Any CPU
		{9AE20AF5-020F-44CE-9828-9DA0E62E08C2}.Release|iPhone.ActiveCfg = Release|Any CPU
		{9AE20AF5-020F-44CE-9828-9DA0E62E08C2}.Release|iPhone.Build.0 = Release|Any CPU
		{9AE20AF5-020F-44CE-9828-9DA0E62E08C2}.Release|iPhone.Deploy.0 = Release|Any CPU
		{9AE20AF5-020F-44CE-9828-9DA0E62E08C2}.Release|iPhoneSimulator.ActiveCfg = Release|Any CPU
		{9AE20AF5-020F-44CE-9828-9DA0E62E08C2}.Release|iPhoneSimulator.Build.0 = Release|Any CPU
		{9AE20AF5-020F-44CE-9828-9DA0E62E08C2}.Release|iPhoneSimulator.Deploy.0 = Release|Any CPU
		{9AE20AF5-020F-44CE-9828-9DA0E62E08C2}.Release|x64.ActiveCfg = Release|x64
		{9AE20AF5-020F-44CE-9828-9DA0E62E08C2}.Release|x64.Build.0 = Release|x64
		{9AE20AF5-020F-44CE-9828-9DA0E62E08C2}.Release|x86.ActiveCfg = Release|x86
		{9AE20AF5-020F-44CE-9828-9DA0E62E08C2}.Release|x86.Build.0 = Release|x86
		{9AE20AF5-020F-44CE-9828-9DA0E62E08C2}.Release|x86.Deploy.0 = Release|x86
		{89CD5727-C572-41F1-A1C2-EB5ECB811C04}.Debug|Any CPU.ActiveCfg = Debug|iPhone
		{89CD5727-C572-41F1-A1C2-EB5ECB811C04}.Debug|Any CPU.Build.0 = Debug|iPhone
		{89CD5727-C572-41F1-A1C2-EB5ECB811C04}.Debug|Any CPU.Deploy.0 = Debug|iPhone
		{89CD5727-C572-41F1-A1C2-EB5ECB811C04}.Debug|iPhone.ActiveCfg = Debug|iPhone
		{89CD5727-C572-41F1-A1C2-EB5ECB811C04}.Debug|iPhone.Build.0 = Debug|iPhone
		{89CD5727-C572-41F1-A1C2-EB5ECB811C04}.Debug|iPhone.Deploy.0 = Debug|iPhone
		{89CD5727-C572-41F1-A1C2-EB5ECB811C04}.Debug|iPhoneSimulator.ActiveCfg = Debug|iPhoneSimulator
		{89CD5727-C572-41F1-A1C2-EB5ECB811C04}.Debug|iPhoneSimulator.Build.0 = Debug|iPhoneSimulator
		{89CD5727-C572-41F1-A1C2-EB5ECB811C04}.Debug|iPhoneSimulator.Deploy.0 = Debug|iPhoneSimulator
		{89CD5727-C572-41F1-A1C2-EB5ECB811C04}.Debug|x64.ActiveCfg = Debug|iPhoneSimulator
		{89CD5727-C572-41F1-A1C2-EB5ECB811C04}.Debug|x86.ActiveCfg = Debug|iPhoneSimulator
		{89CD5727-C572-41F1-A1C2-EB5ECB811C04}.Release|Any CPU.ActiveCfg = Release|iPhone
		{89CD5727-C572-41F1-A1C2-EB5ECB811C04}.Release|iPhone.ActiveCfg = Release|iPhone
		{89CD5727-C572-41F1-A1C2-EB5ECB811C04}.Release|iPhoneSimulator.ActiveCfg = Release|iPhoneSimulator
		{89CD5727-C572-41F1-A1C2-EB5ECB811C04}.Release|iPhoneSimulator.Build.0 = Release|iPhoneSimulator
		{89CD5727-C572-41F1-A1C2-EB5ECB811C04}.Release|iPhoneSimulator.Deploy.0 = Release|iPhoneSimulator
		{89CD5727-C572-41F1-A1C2-EB5ECB811C04}.Release|x64.ActiveCfg = Release|iPhoneSimulator
		{89CD5727-C572-41F1-A1C2-EB5ECB811C04}.Release|x86.ActiveCfg = Release|iPhoneSimulator
		{56E4575C-412B-447F-8EC0-2D6ADF4F66EF}.Debug|Any CPU.ActiveCfg = Release|Any CPU
		{56E4575C-412B-447F-8EC0-2D6ADF4F66EF}.Debug|Any CPU.Build.0 = Release|Any CPU
		{56E4575C-412B-447F-8EC0-2D6ADF4F66EF}.Debug|Any CPU.Deploy.0 = Release|Any CPU
		{56E4575C-412B-447F-8EC0-2D6ADF4F66EF}.Debug|iPhone.ActiveCfg = Debug|Any CPU
		{56E4575C-412B-447F-8EC0-2D6ADF4F66EF}.Debug|iPhone.Build.0 = Debug|Any CPU
		{56E4575C-412B-447F-8EC0-2D6ADF4F66EF}.Debug|iPhone.Deploy.0 = Debug|Any CPU
		{56E4575C-412B-447F-8EC0-2D6ADF4F66EF}.Debug|iPhoneSimulator.ActiveCfg = Debug|Any CPU
		{56E4575C-412B-447F-8EC0-2D6ADF4F66EF}.Debug|iPhoneSimulator.Build.0 = Debug|Any CPU
		{56E4575C-412B-447F-8EC0-2D6ADF4F66EF}.Debug|iPhoneSimulator.Deploy.0 = Debug|Any CPU
		{56E4575C-412B-447F-8EC0-2D6ADF4F66EF}.Debug|x64.ActiveCfg = Debug|Any CPU
		{56E4575C-412B-447F-8EC0-2D6ADF4F66EF}.Debug|x64.Build.0 = Debug|Any CPU
		{56E4575C-412B-447F-8EC0-2D6ADF4F66EF}.Debug|x86.ActiveCfg = Debug|Any CPU
		{56E4575C-412B-447F-8EC0-2D6ADF4F66EF}.Debug|x86.Build.0 = Debug|Any CPU
		{56E4575C-412B-447F-8EC0-2D6ADF4F66EF}.Release|Any CPU.ActiveCfg = Release|Any CPU
		{56E4575C-412B-447F-8EC0-2D6ADF4F66EF}.Release|Any CPU.Deploy.0 = Release|Any CPU
		{56E4575C-412B-447F-8EC0-2D6ADF4F66EF}.Release|iPhone.ActiveCfg = Release|Any CPU
		{56E4575C-412B-447F-8EC0-2D6ADF4F66EF}.Release|iPhone.Deploy.0 = Release|Any CPU
		{56E4575C-412B-447F-8EC0-2D6ADF4F66EF}.Release|iPhoneSimulator.ActiveCfg = Release|Any CPU
		{56E4575C-412B-447F-8EC0-2D6ADF4F66EF}.Release|iPhoneSimulator.Build.0 = Release|Any CPU
		{56E4575C-412B-447F-8EC0-2D6ADF4F66EF}.Release|iPhoneSimulator.Deploy.0 = Release|Any CPU
		{56E4575C-412B-447F-8EC0-2D6ADF4F66EF}.Release|x64.ActiveCfg = Release|Any CPU
		{56E4575C-412B-447F-8EC0-2D6ADF4F66EF}.Release|x86.ActiveCfg = Release|Any CPU
	EndGlobalSection
	GlobalSection(SolutionProperties) = preSolution
		HideSolutionNode = FALSE
	EndGlobalSection
	GlobalSection(ExtensibilityGlobals) = postSolution
		SolutionGuid = {76E05AB6-63E4-4A91-9593-1D1EA2E5FA1F}
	EndGlobalSection
EndGlobal
